
Microsoft Visual Studio Solution File, Format Version 12.00
# Visual Studio Version 16
VisualStudioVersion = 16.0.29519.181
MinimumVisualStudioVersion = 10.0.40219.1
Project("{FAE04EC0-301F-11D3-BF4B-00C04F79EFBC}") = "Program to Create a File", "Program to Create a File\Program to Create a File.csproj", "{4B8F9549-8B66-403F-9424-A2A6D9223385}"
EndProject
Global
	GlobalSection(SolutionConfigurationPlatforms) = preSolution
		Debug|Any CPU = Debug|Any CPU
		Release|Any CPU = Release|Any CPU
	EndGlobalSection
	GlobalSection(ProjectConfigurationPlatforms) = postSolution
		{4B8F9549-8B66-403F-9424-A2A6D9223385}.Debug|Any CPU.ActiveCfg = Debug|Any CPU
		{4B8F9549-8B66-403F-9424-A2A6D9223385}.Debug|Any CPU.Build.0 = Debug|Any CPU
		{4B8F9549-8B66-403F-9424-A2A6D9223385}.Release|Any CPU.ActiveCfg = Release|Any CPU
		{4B8F9549-8B66-403F-9424-A2A6D9223385}.Release|Any CPU.Build.0 = Release|Any CPU
	EndGlobalSection
	GlobalSection(SolutionProperties) = preSolution
		HideSolutionNode = FALSE
	EndGlobalSection
	GlobalSection(ExtensibilityGlobals) = postSolution
		SolutionGuid = {6849E07E-E121-4A87-8D66-4306690D988B}
	EndGlobalSection
EndGlobal
